// !$*UTF8*$!
{
	archiveVersion = 1;
	classes = {
	};
	objectVersion = 46;
	objects = {

/* Begin PBXBuildFile section */
		090BD91E1E95ECAF00952867 /* reverseStrHandle.c in Sources */ = {isa = PBXBuildFile; fileRef = 090BD91C1E95ECAF00952867 /* reverseStrHandle.c */; };
		095279651EA72F7900487F13 /* BinarySearch.c in Sources */ = {isa = PBXBuildFile; fileRef = 095279631EA72F7900487F13 /* BinarySearch.c */; };
		09633B401E8CAB5000B366E9 /* BitMapHandle.c in Sources */ = {isa = PBXBuildFile; fileRef = 09633B3E1E8CAB4F00B366E9 /* BitMapHandle.c */; };
		09A677161E6D13C900D352D3 /* main.c in Sources */ = {isa = PBXBuildFile; fileRef = 09A677151E6D13C900D352D3 /* main.c */; };
		09A677251E6D385700D352D3 /* TNodeList.c in Sources */ = {isa = PBXBuildFile; fileRef = 09A677231E6D385700D352D3 /* TNodeList.c */; };
		09A6772C1E6D3BD800D352D3 /* TArray.c in Sources */ = {isa = PBXBuildFile; fileRef = 09A6772A1E6D3BD800D352D3 /* TArray.c */; };
		09A6772F1E6D55F600D352D3 /* DoubleNodeList.c in Sources */ = {isa = PBXBuildFile; fileRef = 09A6772D1E6D55F600D352D3 /* DoubleNodeList.c */; };
		09A677331E6E453400D352D3 /* TTreeNode.c in Sources */ = {isa = PBXBuildFile; fileRef = 09A677311E6E453400D352D3 /* TTreeNode.c */; };
/* End PBXBuildFile section */

/* Begin PBXCopyFilesBuildPhase section */
		09A677101E6D13C900D352D3 /* CopyFiles */ = {
			isa = PBXCopyFilesBuildPhase;
			buildActionMask = 2147483647;
			dstPath = /usr/share/man/man1/;
			dstSubfolderSpec = 0;
			files = (
			);
			runOnlyForDeploymentPostprocessing = 1;
		};
/* End PBXCopyFilesBuildPhase section */

/* Begin PBXFileReference section */
		090BD91C1E95ECAF00952867 /* reverseStrHandle.c */ = {isa = PBXFileReference; fileEncoding = 4; lastKnownFileType = sourcecode.c.c; path = reverseStrHandle.c; sourceTree = "<group>"; };
		090BD91D1E95ECAF00952867 /* reverseStrHandle.h */ = {isa = PBXFileReference; fileEncoding = 4; lastKnownFileType = sourcecode.c.h; path = reverseStrHandle.h; sourceTree = "<group>"; };
		095279631EA72F7900487F13 /* BinarySearch.c */ = {isa = PBXFileReference; fileEncoding = 4; lastKnownFileType = sourcecode.c.c; path = BinarySearch.c; sourceTree = "<group>"; };
		095279641EA72F7900487F13 /* BinarySearch.h */ = {isa = PBXFileReference; fileEncoding = 4; lastKnownFileType = sourcecode.c.h; path = BinarySearch.h; sourceTree = "<group>"; };
		09633B3E1E8CAB4F00B366E9 /* BitMapHandle.c */ = {isa = PBXFileReference; fileEncoding = 4; lastKnownFileType = sourcecode.c.c; path = BitMapHandle.c; sourceTree = "<group>"; };
		09633B3F1E8CAB4F00B366E9 /* BitMapHandle.h */ = {isa = PBXFileReference; fileEncoding = 4; lastKnownFileType = sourcecode.c.h; path = BitMapHandle.h; sourceTree = "<group>"; };
		09A677121E6D13C900D352D3 /* TestingProjectCBasis */ = {isa = PBXFileReference; explicitFileType = "compiled.mach-o.executable"; includeInIndex = 0; path = TestingProjectCBasis; sourceTree = BUILT_PRODUCTS_DIR; };
		09A677151E6D13C900D352D3 /* main.c */ = {isa = PBXFileReference; lastKnownFileType = sourcecode.c.c; path = main.c; sourceTree = "<group>"; };
		09A677231E6D385700D352D3 /* TNodeList.c */ = {isa = PBXFileReference; fileEncoding = 4; lastKnownFileType = sourcecode.c.c; path = TNodeList.c; sourceTree = "<group>"; };
		09A677241E6D385700D352D3 /* TNodeList.h */ = {isa = PBXFileReference; fileEncoding = 4; lastKnownFileType = sourcecode.c.h; path = TNodeList.h; sourceTree = "<group>"; };
		09A6772A1E6D3BD800D352D3 /* TArray.c */ = {isa = PBXFileReference; fileEncoding = 4; lastKnownFileType = sourcecode.c.c; path = TArray.c; sourceTree = "<group>"; };
		09A6772B1E6D3BD800D352D3 /* TArray.h */ = {isa = PBXFileReference; fileEncoding = 4; lastKnownFileType = sourcecode.c.h; path = TArray.h; sourceTree = "<group>"; };
		09A6772D1E6D55F600D352D3 /* DoubleNodeList.c */ = {isa = PBXFileReference; fileEncoding = 4; lastKnownFileType = sourcecode.c.c; path = DoubleNodeList.c; sourceTree = "<group>"; };
		09A6772E1E6D55F600D352D3 /* DoubleNodeList.h */ = {isa = PBXFileReference; fileEncoding = 4; lastKnownFileType = sourcecode.c.h; path = DoubleNodeList.h; sourceTree = "<group>"; };
		09A677311E6E453400D352D3 /* TTreeNode.c */ = {isa = PBXFileReference; fileEncoding = 4; lastKnownFileType = sourcecode.c.c; path = TTreeNode.c; sourceTree = "<group>"; };
		09A677321E6E453400D352D3 /* TTreeNode.h */ = {isa = PBXFileReference; fileEncoding = 4; lastKnownFileType = sourcecode.c.h; path = TTreeNode.h; sourceTree = "<group>"; };
		09ACF5971E76801A0041996E /* libstdc++.tbd */ = {isa = PBXFileReference; lastKnownFileType = "sourcecode.text-based-dylib-definition"; name = "libstdc++.tbd"; path = "usr/lib/libstdc++.tbd"; sourceTree = SDKROOT; };
/* End PBXFileReference section */

/* Begin PBXFrameworksBuildPhase section */
		09A6770F1E6D13C900D352D3 /* Frameworks */ = {
			isa = PBXFrameworksBuildPhase;
			buildActionMask = 2147483647;
			files = (
			);
			runOnlyForDeploymentPostprocessing = 0;
		};
/* End PBXFrameworksBuildPhase section */

/* Begin PBXGroup section */
		090BD91B1E95EC8F00952867 /* reverseStr */ = {
			isa = PBXGroup;
			children = (
				090BD91D1E95ECAF00952867 /* reverseStrHandle.h */,
				090BD91C1E95ECAF00952867 /* reverseStrHandle.c */,
			);
			path = reverseStr;
			sourceTree = "<group>";
		};
		095279621EA72F6400487F13 /* BinarySearch */ = {
			isa = PBXGroup;
			children = (
				095279641EA72F7900487F13 /* BinarySearch.h */,
				095279631EA72F7900487F13 /* BinarySearch.c */,
			);
			path = BinarySearch;
			sourceTree = "<group>";
		};
		09633B3D1E8CAB3700B366E9 /* BitSort */ = {
			isa = PBXGroup;
			children = (
				09633B3F1E8CAB4F00B366E9 /* BitMapHandle.h */,
				09633B3E1E8CAB4F00B366E9 /* BitMapHandle.c */,
			);
			name = BitSort;
			path = BitMap;
			sourceTree = "<group>";
		};
		09A677091E6D13C900D352D3 = {
			isa = PBXGroup;
			children = (
				09A677141E6D13C900D352D3 /* TestingProjectCBasis */,
				09A677131E6D13C900D352D3 /* Products */,
				09ACF5961E76801A0041996E /* Frameworks */,
			);
			sourceTree = "<group>";
		};
		09A677131E6D13C900D352D3 /* Products */ = {
			isa = PBXGroup;
			children = (
				09A677121E6D13C900D352D3 /* TestingProjectCBasis */,
			);
			name = Products;
			sourceTree = "<group>";
		};
		09A677141E6D13C900D352D3 /* TestingProjectCBasis */ = {
			isa = PBXGroup;
			children = (
				09A677151E6D13C900D352D3 /* main.c */,
				090BD91B1E95EC8F00952867 /* reverseStr */,
				09633B3D1E8CAB3700B366E9 /* BitSort */,
				09A677301E6E451200D352D3 /* TreeNode */,
				09A6771F1E6D383100D352D3 /* TArray */,
				09A677221E6D384700D352D3 /* LinkList */,
				095279621EA72F6400487F13 /* BinarySearch */,
			);
			path = TestingProjectCBasis;
			sourceTree = "<group>";
		};
		09A6771F1E6D383100D352D3 /* TArray */ = {
			isa = PBXGroup;
			children = (
				09A6772B1E6D3BD800D352D3 /* TArray.h */,
				09A6772A1E6D3BD800D352D3 /* TArray.c */,
			);
			path = TArray;
			sourceTree = "<group>";
		};
		09A677221E6D384700D352D3 /* LinkList */ = {
			isa = PBXGroup;
			children = (
				09A677241E6D385700D352D3 /* TNodeList.h */,
				09A677231E6D385700D352D3 /* TNodeList.c */,
				09A6772E1E6D55F600D352D3 /* DoubleNodeList.h */,
				09A6772D1E6D55F600D352D3 /* DoubleNodeList.c */,
			);
			path = LinkList;
			sourceTree = "<group>";
		};
		09A677301E6E451200D352D3 /* TreeNode */ = {
			isa = PBXGroup;
			children = (
				09A677321E6E453400D352D3 /* TTreeNode.h */,
				09A677311E6E453400D352D3 /* TTreeNode.c */,
			);
			path = TreeNode;
			sourceTree = "<group>";
		};
		09ACF5961E76801A0041996E /* Frameworks */ = {
			isa = PBXGroup;
			children = (
				09ACF5971E76801A0041996E /* libstdc++.tbd */,
			);
			name = Frameworks;
			sourceTree = "<group>";
		};
/* End PBXGroup section */

/* Begin PBXNativeTarget section */
		09A677111E6D13C900D352D3 /* TestingProjectCBasis */ = {
			isa = PBXNativeTarget;
			buildConfigurationList = 09A677191E6D13C900D352D3 /* Build configuration list for PBXNativeTarget "TestingProjectCBasis" */;
			buildPhases = (
				09A6770E1E6D13C900D352D3 /* Sources */,
				09A6770F1E6D13C900D352D3 /* Frameworks */,
				09A677101E6D13C900D352D3 /* CopyFiles */,
			);
			buildRules = (
			);
			dependencies = (
			);
			name = TestingProjectCBasis;
			productName = TestingProjectCBasis;
			productReference = 09A677121E6D13C900D352D3 /* TestingProjectCBasis */;
			productType = "com.apple.product-type.tool";
		};
/* End PBXNativeTarget section */

/* Begin PBXProject section */
		09A6770A1E6D13C900D352D3 /* Project object */ = {
			isa = PBXProject;
			attributes = {
				LastUpgradeCheck = 0820;
				ORGANIZATIONNAME = "HongDi Huang";
				TargetAttributes = {
					09A677111E6D13C900D352D3 = {
						CreatedOnToolsVersion = 8.2.1;
						ProvisioningStyle = Automatic;
					};
				};
			};
			buildConfigurationList = 09A6770D1E6D13C900D352D3 /* Build configuration list for PBXProject "TestingProjectCBasis" */;
			compatibilityVersion = "Xcode 3.2";
			developmentRegion = English;
			hasScannedForEncodings = 0;
			knownRegions = (
				en,
			);
			mainGroup = 09A677091E6D13C900D352D3;
			productRefGroup = 09A677131E6D13C900D352D3 /* Products */;
			projectDirPath = "";
			projectRoot = "";
			targets = (
				09A677111E6D13C900D352D3 /* TestingProjectCBasis */,
			);
		};
/* End PBXProject section */

/* Begin PBXSourcesBuildPhase section */
		09A6770E1E6D13C900D352D3 /* Sources */ = {
			isa = PBXSourcesBuildPhase;
			buildActionMask = 2147483647;
			files = (
				09A6772C1E6D3BD800D352D3 /* TArray.c in Sources */,
				09A677251E6D385700D352D3 /* TNodeList.c in Sources */,
				095279651EA72F7900487F13 /* BinarySearch.c in Sources */,
				09A6772F1E6D55F600D352D3 /* DoubleNodeList.c in Sources */,
				09A677161E6D13C900D352D3 /* main.c in Sources */,
				09633B401E8CAB5000B366E9 /* BitMapHandle.c in Sources */,
				090BD91E1E95ECAF00952867 /* reverseStrHandle.c in Sources */,
				09A677331E6E453400D352D3 /* TTreeNode.c in Sources */,
			);
			runOnlyForDeploymentPostprocessing = 0;
		};
/* End PBXSourcesBuildPhase section */

/* Begin XCBuildConfiguration section */
		09A677171E6D13C900D352D3 /* Debug */ = {
			isa = XCBuildConfiguration;
			buildSettings = {
				ALWAYS_SEARCH_USER_PATHS = NO;
				CLANG_ANALYZER_NONNULL = YES;
				CLANG_CXX_LANGUAGE_STANDARD = "gnu++0x";
				CLANG_CXX_LIBRARY = "libc++";
				CLANG_ENABLE_MODULES = YES;
				CLANG_ENABLE_OBJC_ARC = YES;
				CLANG_WARN_BOOL_CONVERSION = YES;
				CLANG_WARN_CONSTANT_CONVERSION = YES;
				CLANG_WARN_DIRECT_OBJC_ISA_USAGE = YES_ERROR;
				CLANG_WARN_DOCUMENTATION_COMMENTS = YES;
				CLANG_WARN_EMPTY_BODY = YES;
				CLANG_WARN_ENUM_CONVERSION = YES;
				CLANG_WARN_INFINITE_RECURSION = YES;
				CLANG_WARN_INT_CONVERSION = YES;
				CLANG_WARN_OBJC_ROOT_CLASS = YES_ERROR;
				CLANG_WARN_SUSPICIOUS_MOVE = YES;
				CLANG_WARN_UNREACHABLE_CODE = YES;
				CLANG_WARN__DUPLICATE_METHOD_MATCH = YES;
				CODE_SIGN_IDENTITY = "-";
				COPY_PHASE_STRIP = NO;
				DEBUG_INFORMATION_FORMAT = dwarf;
				ENABLE_STRICT_OBJC_MSGSEND = YES;
				ENABLE_TESTABILITY = YES;
				GCC_C_LANGUAGE_STANDARD = gnu99;
				GCC_DYNAMIC_NO_PIC = NO;
				GCC_NO_COMMON_BLOCKS = YES;
				GCC_OPTIMIZATION_LEVEL = 0;
				GCC_PREPROCESSOR_DEFINITIONS = (
					"DEBUG=1",
					"$(inherited)",
				);
				GCC_WARN_64_TO_32_BIT_CONVERSION = YES;
				GCC_WARN_ABOUT_RETURN_TYPE = YES_ERROR;
				GCC_WARN_UNDECLARED_SELECTOR = YES;
				GCC_WARN_UNINITIALIZED_AUTOS = YES_AGGRESSIVE;
				GCC_WARN_UNUSED_FUNCTION = YES;
				GCC_WARN_UNUSED_VARIABLE = YES;
				MACOSX_DEPLOYMENT_TARGET = 10.12;
				MTL_ENABLE_DEBUG_INFO = YES;
				ONLY_ACTIVE_ARCH = YES;
				SDKROOT = macosx;
			};
			name = Debug;
		};
		09A677181E6D13C900D352D3 /* Release */ = {
			isa = XCBuildConfiguration;
			buildSettings = {
				ALWAYS_SEARCH_USER_PATHS = NO;
				CLANG_ANALYZER_NONNULL = YES;
				CLANG_CXX_LANGUAGE_STANDARD = "gnu++0x";
				CLANG_CXX_LIBRARY = "libc++";
				CLANG_ENABLE_MODULES = YES;
				CLANG_ENABLE_OBJC_ARC = YES;
				CLANG_WARN_BOOL_CONVERSION = YES;
				CLANG_WARN_CONSTANT_CONVERSION = YES;
				CLANG_WARN_DIRECT_OBJC_ISA_USAGE = YES_ERROR;
				CLANG_WARN_DOCUMENTATION_COMMENTS = YES;
				CLANG_WARN_EMPTY_BODY = YES;
				CLANG_WARN_ENUM_CONVERSION = YES;
				CLANG_WARN_INFINITE_RECURSION = YES;
				CLANG_WARN_INT_CONVERSION = YES;
				CLANG_WARN_OBJC_ROOT_CLASS = YES_ERROR;
				CLANG_WARN_SUSPICIOUS_MOVE = YES;
				CLANG_WARN_UNREACHABLE_CODE = YES;
				CLANG_WARN__DUPLICATE_METHOD_MATCH = YES;
				CODE_SIGN_IDENTITY = "-";
				COPY_PHASE_STRIP = NO;
				DEBUG_INFORMATION_FORMAT = "dwarf-with-dsym";
				ENABLE_NS_ASSERTIONS = NO;
				ENABLE_STRICT_OBJC_MSGSEND = YES;
				GCC_C_LANGUAGE_STANDARD = gnu99;
				GCC_NO_COMMON_BLOCKS = YES;
				GCC_WARN_64_TO_32_BIT_CONVERSION = YES;
				GCC_WARN_ABOUT_RETURN_TYPE = YES_ERROR;
				GCC_WARN_UNDECLARED_SELECTOR = YES;
				GCC_WARN_UNINITIALIZED_AUTOS = YES_AGGRESSIVE;
				GCC_WARN_UNUSED_FUNCTION = YES;
				GCC_WARN_UNUSED_VARIABLE = YES;
				MACOSX_DEPLOYMENT_TARGET = 10.12;
				MTL_ENABLE_DEBUG_INFO = NO;
				SDKROOT = macosx;
			};
			name = Release;
		};
		09A6771A1E6D13C900D352D3 /* Debug */ = {
			isa = XCBuildConfiguration;
			buildSettings = {
				PRODUCT_NAME = "$(TARGET_NAME)";
			};
			name = Debug;
		};
		09A6771B1E6D13C900D352D3 /* Release */ = {
			isa = XCBuildConfiguration;
			buildSettings = {
				PRODUCT_NAME = "$(TARGET_NAME)";
			};
			name = Release;
		};
/* End XCBuildConfiguration section */

/* Begin XCConfigurationList section */
		09A6770D1E6D13C900D352D3 /* Build configuration list for PBXProject "TestingProjectCBasis" */ = {
			isa = XCConfigurationList;
			buildConfigurations = (
				09A677171E6D13C900D352D3 /* Debug */,
				09A677181E6D13C900D352D3 /* Release */,
			);
			defaultConfigurationIsVisible = 0;
			defaultConfigurationName = Release;
		};
		09A677191E6D13C900D352D3 /* Build configuration list for PBXNativeTarget "TestingProjectCBasis" */ = {
			isa = XCConfigurationList;
			buildConfigurations = (
				09A6771A1E6D13C900D352D3 /* Debug */,
				09A6771B1E6D13C900D352D3 /* Release */,
			);
			defaultConfigurationIsVisible = 0;
			defaultConfigurationName = Release;
		};
/* End XCConfigurationList section */
	};
	rootObject = 09A6770A1E6D13C900D352D3 /* Project object */;
}
